
Microsoft Visual Studio Solution File, Format Version 12.00
# Visual Studio 15
VisualStudioVersion = 15.0.27130.2027
MinimumVisualStudioVersion = 10.0.40219.1
Project("{FAE04EC0-301F-11D3-BF4B-00C04F79EFBC}") = "ProcGenTools", "ProcGenTools\ProcGenTools.csproj", "{82A6D710-2DC8-447A-9EF6-B1CB7A78D18B}"
EndProject
Project("{FAE04EC0-301F-11D3-BF4B-00C04F79EFBC}") = "Test", "consoleapp\Test.csproj", "{0429EFC8-1A4F-45A0-A32A-8443D4106977}"
EndProject
Global
	GlobalSection(SolutionConfigurationPlatforms) = preSolution
		Debug|Any CPU = Debug|Any CPU
		Release|Any CPU = Release|Any CPU
	EndGlobalSection
	GlobalSection(ProjectConfigurationPlatforms) = postSolution
		{82A6D710-2DC8-447A-9EF6-B1CB7A78D18B}.Debug|Any CPU.ActiveCfg = Debug|Any CPU
		{82A6D710-2DC8-447A-9EF6-B1CB7A78D18B}.Debug|Any CPU.Build.0 = Debug|Any CPU
		{82A6D710-2DC8-447A-9EF6-B1CB7A78D18B}.Release|Any CPU.ActiveCfg = Release|Any CPU
		{82A6D710-2DC8-447A-9EF6-B1CB7A78D18B}.Release|Any CPU.Build.0 = Release|Any CPU
		{0429EFC8-1A4F-45A0-A32A-8443D4106977}.Debug|Any CPU.ActiveCfg = Debug|Any CPU
		{0429EFC8-1A4F-45A0-A32A-8443D4106977}.Debug|Any CPU.Build.0 = Debug|Any CPU
		{0429EFC8-1A4F-45A0-A32A-8443D4106977}.Release|Any CPU.ActiveCfg = Release|Any CPU
		{0429EFC8-1A4F-45A0-A32A-8443D4106977}.Release|Any CPU.Build.0 = Release|Any CPU
	EndGlobalSection
	GlobalSection(SolutionProperties) = preSolution
		HideSolutionNode = FALSE
	EndGlobalSection
	GlobalSection(ExtensibilityGlobals) = postSolution
		SolutionGuid = {84F7C6CA-9078-484A-B1D4-4A6F95E63587}
	EndGlobalSection
EndGlobal
