
Microsoft Visual Studio Solution File, Format Version 12.00
# Visual Studio 15
VisualStudioVersion = 15.0.27130.2027
MinimumVisualStudioVersion = 10.0.40219.1
Project("{FAE04EC0-301F-11D3-BF4B-00C04F79EFBC}") = "ProcGenTools", "ProcGenTools\ProcGenTools.csproj", "{82A6D710-2DC8-447A-9EF6-B1CB7A78D18B}"
EndProject
Project("{FAE04EC0-301F-11D3-BF4B-00C04F79EFBC}") = "Test.WCF", "consoleapp\Test.WCF.csproj", "{0429EFC8-1A4F-45A0-A32A-8443D4106977}"
EndProject
Project("{FAE04EC0-301F-11D3-BF4B-00C04F79EFBC}") = "Test.BitmapSplit", "Test.Bitmap\Test.BitmapSplit.csproj", "{28848DB9-0C79-42C8-B819-3DA608F08D18}"
EndProject
Project("{FAE04EC0-301F-11D3-BF4B-00C04F79EFBC}") = "Test.BitmapSplit.UI", "Test.BitmapSplit.UI\Test.BitmapSplit.UI.csproj", "{DD50CC90-291B-4C49-9542-224310562F9A}"
EndProject
Project("{FAE04EC0-301F-11D3-BF4B-00C04F79EFBC}") = "Test.LevelEditor", "Test.LevelGeneration\Test.LevelEditor.csproj", "{E3DC10C4-2909-47F9-9DAC-AE85D49F931D}"
EndProject
Project("{FAE04EC0-301F-11D3-BF4B-00C04F79EFBC}") = "Test.Path", "Test.Path\Test.Path.csproj", "{57AF11C7-1E54-4AB9-A88B-3553F74177E2}"
EndProject
Project("{FAE04EC0-301F-11D3-BF4B-00C04F79EFBC}") = "Test.HierarchicalMap", "Test.HierarchicalMap\Test.HierarchicalMap.csproj", "{D88019DD-693D-40B4-8373-FC4C8251792C}"
EndProject
Project("{FAE04EC0-301F-11D3-BF4B-00C04F79EFBC}") = "RoomEditor", "RoomEditor\RoomEditor.csproj", "{1EB1E729-B6C3-490B-A271-A7AEE69A6D6F}"
EndProject
Project("{FAE04EC0-301F-11D3-BF4B-00C04F79EFBC}") = "Test.World", "Test.World\Test.World.csproj", "{0FAA1A08-F191-43F5-A098-F9F1048232D7}"
EndProject
Project("{FAE04EC0-301F-11D3-BF4B-00C04F79EFBC}") = "Test.Puzzle.01", "Test.Puzzle.01\Test.Puzzle.01.csproj", "{9FD1998E-3118-4060-8CF9-F1B7A707EB53}"
EndProject
Project("{FAE04EC0-301F-11D3-BF4B-00C04F79EFBC}") = "PuzzleBuilder", "PuzzleBuilder\PuzzleBuilder.csproj", "{FC8BD633-1DBE-4232-85E8-CDA4CEC964EC}"
EndProject
Project("{FAE04EC0-301F-11D3-BF4B-00C04F79EFBC}") = "Test.World.Circuit", "Test.World.Circuit\Test.World.Circuit.csproj", "{6744AE80-2D92-4FC3-A2C4-B4BA4E07556D}"
EndProject
Global
	GlobalSection(SolutionConfigurationPlatforms) = preSolution
		Debug|Any CPU = Debug|Any CPU
		Release|Any CPU = Release|Any CPU
	EndGlobalSection
	GlobalSection(ProjectConfigurationPlatforms) = postSolution
		{82A6D710-2DC8-447A-9EF6-B1CB7A78D18B}.Debug|Any CPU.ActiveCfg = Debug|Any CPU
		{82A6D710-2DC8-447A-9EF6-B1CB7A78D18B}.Debug|Any CPU.Build.0 = Debug|Any CPU
		{82A6D710-2DC8-447A-9EF6-B1CB7A78D18B}.Release|Any CPU.ActiveCfg = Release|Any CPU
		{82A6D710-2DC8-447A-9EF6-B1CB7A78D18B}.Release|Any CPU.Build.0 = Release|Any CPU
		{0429EFC8-1A4F-45A0-A32A-8443D4106977}.Debug|Any CPU.ActiveCfg = Debug|Any CPU
		{0429EFC8-1A4F-45A0-A32A-8443D4106977}.Debug|Any CPU.Build.0 = Debug|Any CPU
		{0429EFC8-1A4F-45A0-A32A-8443D4106977}.Release|Any CPU.ActiveCfg = Release|Any CPU
		{0429EFC8-1A4F-45A0-A32A-8443D4106977}.Release|Any CPU.Build.0 = Release|Any CPU
		{28848DB9-0C79-42C8-B819-3DA608F08D18}.Debug|Any CPU.ActiveCfg = Debug|Any CPU
		{28848DB9-0C79-42C8-B819-3DA608F08D18}.Debug|Any CPU.Build.0 = Debug|Any CPU
		{28848DB9-0C79-42C8-B819-3DA608F08D18}.Release|Any CPU.ActiveCfg = Release|Any CPU
		{28848DB9-0C79-42C8-B819-3DA608F08D18}.Release|Any CPU.Build.0 = Release|Any CPU
		{DD50CC90-291B-4C49-9542-224310562F9A}.Debug|Any CPU.ActiveCfg = Debug|Any CPU
		{DD50CC90-291B-4C49-9542-224310562F9A}.Debug|Any CPU.Build.0 = Debug|Any CPU
		{DD50CC90-291B-4C49-9542-224310562F9A}.Release|Any CPU.ActiveCfg = Release|Any CPU
		{DD50CC90-291B-4C49-9542-224310562F9A}.Release|Any CPU.Build.0 = Release|Any CPU
		{E3DC10C4-2909-47F9-9DAC-AE85D49F931D}.Debug|Any CPU.ActiveCfg = Debug|Any CPU
		{E3DC10C4-2909-47F9-9DAC-AE85D49F931D}.Debug|Any CPU.Build.0 = Debug|Any CPU
		{E3DC10C4-2909-47F9-9DAC-AE85D49F931D}.Release|Any CPU.ActiveCfg = Release|Any CPU
		{E3DC10C4-2909-47F9-9DAC-AE85D49F931D}.Release|Any CPU.Build.0 = Release|Any CPU
		{57AF11C7-1E54-4AB9-A88B-3553F74177E2}.Debug|Any CPU.ActiveCfg = Debug|Any CPU
		{57AF11C7-1E54-4AB9-A88B-3553F74177E2}.Debug|Any CPU.Build.0 = Debug|Any CPU
		{57AF11C7-1E54-4AB9-A88B-3553F74177E2}.Release|Any CPU.ActiveCfg = Release|Any CPU
		{57AF11C7-1E54-4AB9-A88B-3553F74177E2}.Release|Any CPU.Build.0 = Release|Any CPU
		{D88019DD-693D-40B4-8373-FC4C8251792C}.Debug|Any CPU.ActiveCfg = Debug|Any CPU
		{D88019DD-693D-40B4-8373-FC4C8251792C}.Debug|Any CPU.Build.0 = Debug|Any CPU
		{D88019DD-693D-40B4-8373-FC4C8251792C}.Release|Any CPU.ActiveCfg = Release|Any CPU
		{D88019DD-693D-40B4-8373-FC4C8251792C}.Release|Any CPU.Build.0 = Release|Any CPU
		{1EB1E729-B6C3-490B-A271-A7AEE69A6D6F}.Debug|Any CPU.ActiveCfg = Debug|Any CPU
		{1EB1E729-B6C3-490B-A271-A7AEE69A6D6F}.Debug|Any CPU.Build.0 = Debug|Any CPU
		{1EB1E729-B6C3-490B-A271-A7AEE69A6D6F}.Release|Any CPU.ActiveCfg = Release|Any CPU
		{1EB1E729-B6C3-490B-A271-A7AEE69A6D6F}.Release|Any CPU.Build.0 = Release|Any CPU
		{0FAA1A08-F191-43F5-A098-F9F1048232D7}.Debug|Any CPU.ActiveCfg = Debug|Any CPU
		{0FAA1A08-F191-43F5-A098-F9F1048232D7}.Debug|Any CPU.Build.0 = Debug|Any CPU
		{0FAA1A08-F191-43F5-A098-F9F1048232D7}.Release|Any CPU.ActiveCfg = Release|Any CPU
		{0FAA1A08-F191-43F5-A098-F9F1048232D7}.Release|Any CPU.Build.0 = Release|Any CPU
		{9FD1998E-3118-4060-8CF9-F1B7A707EB53}.Debug|Any CPU.ActiveCfg = Debug|Any CPU
		{9FD1998E-3118-4060-8CF9-F1B7A707EB53}.Debug|Any CPU.Build.0 = Debug|Any CPU
		{9FD1998E-3118-4060-8CF9-F1B7A707EB53}.Release|Any CPU.ActiveCfg = Release|Any CPU
		{9FD1998E-3118-4060-8CF9-F1B7A707EB53}.Release|Any CPU.Build.0 = Release|Any CPU
		{FC8BD633-1DBE-4232-85E8-CDA4CEC964EC}.Debug|Any CPU.ActiveCfg = Debug|Any CPU
		{FC8BD633-1DBE-4232-85E8-CDA4CEC964EC}.Debug|Any CPU.Build.0 = Debug|Any CPU
		{FC8BD633-1DBE-4232-85E8-CDA4CEC964EC}.Release|Any CPU.ActiveCfg = Release|Any CPU
		{FC8BD633-1DBE-4232-85E8-CDA4CEC964EC}.Release|Any CPU.Build.0 = Release|Any CPU
		{6744AE80-2D92-4FC3-A2C4-B4BA4E07556D}.Debug|Any CPU.ActiveCfg = Debug|Any CPU
		{6744AE80-2D92-4FC3-A2C4-B4BA4E07556D}.Debug|Any CPU.Build.0 = Debug|Any CPU
		{6744AE80-2D92-4FC3-A2C4-B4BA4E07556D}.Release|Any CPU.ActiveCfg = Release|Any CPU
		{6744AE80-2D92-4FC3-A2C4-B4BA4E07556D}.Release|Any CPU.Build.0 = Release|Any CPU
	EndGlobalSection
	GlobalSection(SolutionProperties) = preSolution
		HideSolutionNode = FALSE
	EndGlobalSection
	GlobalSection(ExtensibilityGlobals) = postSolution
		SolutionGuid = {84F7C6CA-9078-484A-B1D4-4A6F95E63587}
	EndGlobalSection
EndGlobal
